
Microsoft Visual Studio Solution File, Format Version 12.00
# Visual Studio Version 18
VisualStudioVersion = 18.1.11312.151 d18.0
MinimumVisualStudioVersion = 10.0.40219.1
Project("{FAE04EC0-301F-11D3-BF4B-00C04F79EFBC}") = "FiapCloudGames.Users.Domain", "FiapCloudGames.Users.Domain\FiapCloudGames.Users.Domain.csproj", "{E62D144B-6D5B-4D09-BB50-8423658D0EE5}"
EndProject
Project("{FAE04EC0-301F-11D3-BF4B-00C04F79EFBC}") = "FiapCloudGames.Users.Application", "FiapCloudGames.Users.Application\FiapCloudGames.Users.Application.csproj", "{CBF947C3-E7F0-4DBC-96D4-0DC75DEB6067}"
EndProject
Project("{FAE04EC0-301F-11D3-BF4B-00C04F79EFBC}") = "FiapCloudGames.Users.Infrastructure", "FiapCloudGames.Users.Infrastructure\FiapCloudGames.Users.Infrastructure.csproj", "{057D5066-7CE1-4B23-9E5D-FD7852ECD67C}"
EndProject
Project("{FAE04EC0-301F-11D3-BF4B-00C04F79EFBC}") = "FiapCloudGames.Users.API", "FiapCloudGames.Users.API\FiapCloudGames.Users.API.csproj", "{72CA13BA-E1AD-4C88-8DE9-297CB6A17A66}"
EndProject
Project("{FAE04EC0-301F-11D3-BF4B-00C04F79EFBC}") = "FiapCloudGames.Users.Tests", "FiapCloudGames.Users.Tests\FiapCloudGames.Users.Tests.csproj", "{1EC88705-809B-41A4-90E1-ED1249C842C2}"
EndProject
Project("{2150E333-8FDC-42A3-9474-1A3956D46DE8}") = "k8s", "k8s", "{B697F958-4C4D-4D65-959E-8DC320EF74A1}"
	ProjectSection(SolutionItems) = preProject
		users-api.yaml = users-api.yaml
	EndProjectSection
EndProject
Global
	GlobalSection(SolutionConfigurationPlatforms) = preSolution
		Debug|Any CPU = Debug|Any CPU
		Release|Any CPU = Release|Any CPU
	EndGlobalSection
	GlobalSection(ProjectConfigurationPlatforms) = postSolution
		{E62D144B-6D5B-4D09-BB50-8423658D0EE5}.Debug|Any CPU.ActiveCfg = Debug|Any CPU
		{E62D144B-6D5B-4D09-BB50-8423658D0EE5}.Debug|Any CPU.Build.0 = Debug|Any CPU
		{E62D144B-6D5B-4D09-BB50-8423658D0EE5}.Release|Any CPU.ActiveCfg = Release|Any CPU
		{E62D144B-6D5B-4D09-BB50-8423658D0EE5}.Release|Any CPU.Build.0 = Release|Any CPU
		{CBF947C3-E7F0-4DBC-96D4-0DC75DEB6067}.Debug|Any CPU.ActiveCfg = Debug|Any CPU
		{CBF947C3-E7F0-4DBC-96D4-0DC75DEB6067}.Debug|Any CPU.Build.0 = Debug|Any CPU
		{CBF947C3-E7F0-4DBC-96D4-0DC75DEB6067}.Release|Any CPU.ActiveCfg = Release|Any CPU
		{CBF947C3-E7F0-4DBC-96D4-0DC75DEB6067}.Release|Any CPU.Build.0 = Release|Any CPU
		{057D5066-7CE1-4B23-9E5D-FD7852ECD67C}.Debug|Any CPU.ActiveCfg = Debug|Any CPU
		{057D5066-7CE1-4B23-9E5D-FD7852ECD67C}.Debug|Any CPU.Build.0 = Debug|Any CPU
		{057D5066-7CE1-4B23-9E5D-FD7852ECD67C}.Release|Any CPU.ActiveCfg = Release|Any CPU
		{057D5066-7CE1-4B23-9E5D-FD7852ECD67C}.Release|Any CPU.Build.0 = Release|Any CPU
		{72CA13BA-E1AD-4C88-8DE9-297CB6A17A66}.Debug|Any CPU.ActiveCfg = Debug|Any CPU
		{72CA13BA-E1AD-4C88-8DE9-297CB6A17A66}.Debug|Any CPU.Build.0 = Debug|Any CPU
		{72CA13BA-E1AD-4C88-8DE9-297CB6A17A66}.Release|Any CPU.ActiveCfg = Release|Any CPU
		{72CA13BA-E1AD-4C88-8DE9-297CB6A17A66}.Release|Any CPU.Build.0 = Release|Any CPU
		{1EC88705-809B-41A4-90E1-ED1249C842C2}.Debug|Any CPU.ActiveCfg = Debug|Any CPU
		{1EC88705-809B-41A4-90E1-ED1249C842C2}.Debug|Any CPU.Build.0 = Debug|Any CPU
		{1EC88705-809B-41A4-90E1-ED1249C842C2}.Release|Any CPU.ActiveCfg = Release|Any CPU
		{1EC88705-809B-41A4-90E1-ED1249C842C2}.Release|Any CPU.Build.0 = Release|Any CPU
	EndGlobalSection
	GlobalSection(SolutionProperties) = preSolution
		HideSolutionNode = FALSE
	EndGlobalSection
	GlobalSection(ExtensibilityGlobals) = postSolution
		SolutionGuid = {6B610656-332E-4DF0-A2A5-5CDE7F57344A}
	EndGlobalSection
EndGlobal
